
Microsoft Visual Studio Solution File, Format Version 12.00
# Visual Studio Version 17
VisualStudioVersion = 17.10.35027.167
MinimumVisualStudioVersion = 10.0.40219.1
Project("{FAE04EC0-301F-11D3-BF4B-00C04F79EFBC}") = "GitHubTest", "GitHubTest\GitHubTest.csproj", "{588BE7CD-BB24-41CC-93E8-B77EDBDEB553}"
EndProject
Global
	GlobalSection(SolutionConfigurationPlatforms) = preSolution
		Debug|Any CPU = Debug|Any CPU
		Release|Any CPU = Release|Any CPU
	EndGlobalSection
	GlobalSection(ProjectConfigurationPlatforms) = postSolution
		{588BE7CD-BB24-41CC-93E8-B77EDBDEB553}.Debug|Any CPU.ActiveCfg = Debug|Any CPU
		{588BE7CD-BB24-41CC-93E8-B77EDBDEB553}.Debug|Any CPU.Build.0 = Debug|Any CPU
		{588BE7CD-BB24-41CC-93E8-B77EDBDEB553}.Release|Any CPU.ActiveCfg = Release|Any CPU
		{588BE7CD-BB24-41CC-93E8-B77EDBDEB553}.Release|Any CPU.Build.0 = Release|Any CPU
	EndGlobalSection
	GlobalSection(SolutionProperties) = preSolution
		HideSolutionNode = FALSE
	EndGlobalSection
	GlobalSection(ExtensibilityGlobals) = postSolution
		SolutionGuid = {2DFD653B-E205-4BEE-BB9F-D49D54EC63AD}
	EndGlobalSection
EndGlobal
